
Microsoft Visual Studio Solution File, Format Version 12.00
# Visual Studio 15
VisualStudioVersion = 15.0.26430.15
MinimumVisualStudioVersion = 10.0.40219.1
Project("{FAE04EC0-301F-11D3-BF4B-00C04F79EFBC}") = "HelloWorld", "HelloWorld\HelloWorld.csproj", "{C540B3D2-C854-48D3-8348-396C21FD85E0}"
EndProject
Project("{FAE04EC0-301F-11D3-BF4B-00C04F79EFBC}") = "HelloWorld.Tests", "HelloWorld.Tests\HelloWorld.Tests.csproj", "{8C45F8C4-04C3-449A-8F5E-C86A7E5AB8E8}"
EndProject
Project("{FAE04EC0-301F-11D3-BF4B-00C04F79EFBC}") = "HelloWorld.Domain", "HelloWorld.Domain\HelloWorld.Domain.csproj", "{B9515B3F-4D7D-4DCD-979C-5BFD9D061190}"
EndProject
Global
	GlobalSection(SolutionConfigurationPlatforms) = preSolution
		Debug|Any CPU = Debug|Any CPU
		Release|Any CPU = Release|Any CPU
	EndGlobalSection
	GlobalSection(ProjectConfigurationPlatforms) = postSolution
		{C540B3D2-C854-48D3-8348-396C21FD85E0}.Debug|Any CPU.ActiveCfg = Debug|Any CPU
		{C540B3D2-C854-48D3-8348-396C21FD85E0}.Debug|Any CPU.Build.0 = Debug|Any CPU
		{C540B3D2-C854-48D3-8348-396C21FD85E0}.Release|Any CPU.ActiveCfg = Release|Any CPU
		{C540B3D2-C854-48D3-8348-396C21FD85E0}.Release|Any CPU.Build.0 = Release|Any CPU
		{8C45F8C4-04C3-449A-8F5E-C86A7E5AB8E8}.Debug|Any CPU.ActiveCfg = Debug|Any CPU
		{8C45F8C4-04C3-449A-8F5E-C86A7E5AB8E8}.Debug|Any CPU.Build.0 = Debug|Any CPU
		{8C45F8C4-04C3-449A-8F5E-C86A7E5AB8E8}.Release|Any CPU.ActiveCfg = Release|Any CPU
		{8C45F8C4-04C3-449A-8F5E-C86A7E5AB8E8}.Release|Any CPU.Build.0 = Release|Any CPU
		{B9515B3F-4D7D-4DCD-979C-5BFD9D061190}.Debug|Any CPU.ActiveCfg = Debug|Any CPU
		{B9515B3F-4D7D-4DCD-979C-5BFD9D061190}.Debug|Any CPU.Build.0 = Debug|Any CPU
		{B9515B3F-4D7D-4DCD-979C-5BFD9D061190}.Release|Any CPU.ActiveCfg = Release|Any CPU
		{B9515B3F-4D7D-4DCD-979C-5BFD9D061190}.Release|Any CPU.Build.0 = Release|Any CPU
	EndGlobalSection
	GlobalSection(SolutionProperties) = preSolution
		HideSolutionNode = FALSE
	EndGlobalSection
EndGlobal
